
Microsoft Visual Studio Solution File, Format Version 12.00
# Visual Studio Version 17
VisualStudioVersion = 17.0.31903.59
MinimumVisualStudioVersion = 10.0.40219.1
Project("{FAE04EC0-301F-11D3-BF4B-00C04F79EFBC}") = "ShoppingBasketApi", "ShoppingBasketApi\ShoppingBasketApi.csproj", "{555F9335-2E0C-49B0-98D8-3443AD786EEC}"
EndProject
Project("{FAE04EC0-301F-11D3-BF4B-00C04F79EFBC}") = "UnitTests", "UnitTests\UnitTests.csproj", "{3A253C33-1540-498F-83A0-71B057AACF75}"
EndProject
Global
	GlobalSection(SolutionConfigurationPlatforms) = preSolution
		Debug|Any CPU = Debug|Any CPU
		Release|Any CPU = Release|Any CPU
	EndGlobalSection
	GlobalSection(SolutionProperties) = preSolution
		HideSolutionNode = FALSE
	EndGlobalSection
	GlobalSection(ProjectConfigurationPlatforms) = postSolution
		{555F9335-2E0C-49B0-98D8-3443AD786EEC}.Debug|Any CPU.ActiveCfg = Debug|Any CPU
		{555F9335-2E0C-49B0-98D8-3443AD786EEC}.Debug|Any CPU.Build.0 = Debug|Any CPU
		{555F9335-2E0C-49B0-98D8-3443AD786EEC}.Release|Any CPU.ActiveCfg = Release|Any CPU
		{555F9335-2E0C-49B0-98D8-3443AD786EEC}.Release|Any CPU.Build.0 = Release|Any CPU
		{3A253C33-1540-498F-83A0-71B057AACF75}.Debug|Any CPU.ActiveCfg = Debug|Any CPU
		{3A253C33-1540-498F-83A0-71B057AACF75}.Debug|Any CPU.Build.0 = Debug|Any CPU
		{3A253C33-1540-498F-83A0-71B057AACF75}.Release|Any CPU.ActiveCfg = Release|Any CPU
		{3A253C33-1540-498F-83A0-71B057AACF75}.Release|Any CPU.Build.0 = Release|Any CPU
	EndGlobalSection
EndGlobal
